
Microsoft Visual Studio Solution File, Format Version 12.00
# Visual Studio Version 17
VisualStudioVersion = 17.5.002.0
MinimumVisualStudioVersion = 10.0.40219.1
Project("{9A19103F-16F7-4668-BE54-9A1E7A4F7556}") = "Hata-ExceptionYonetimi-Devam1", "Hata-ExceptionYonetimi-Devam1.csproj", "{42E5AE5B-CF9C-4E47-9E06-075F3F1C1C1D}"
EndProject
Global
	GlobalSection(SolutionConfigurationPlatforms) = preSolution
		Debug|Any CPU = Debug|Any CPU
		Release|Any CPU = Release|Any CPU
	EndGlobalSection
	GlobalSection(ProjectConfigurationPlatforms) = postSolution
		{42E5AE5B-CF9C-4E47-9E06-075F3F1C1C1D}.Debug|Any CPU.ActiveCfg = Debug|Any CPU
		{42E5AE5B-CF9C-4E47-9E06-075F3F1C1C1D}.Debug|Any CPU.Build.0 = Debug|Any CPU
		{42E5AE5B-CF9C-4E47-9E06-075F3F1C1C1D}.Release|Any CPU.ActiveCfg = Release|Any CPU
		{42E5AE5B-CF9C-4E47-9E06-075F3F1C1C1D}.Release|Any CPU.Build.0 = Release|Any CPU
	EndGlobalSection
	GlobalSection(SolutionProperties) = preSolution
		HideSolutionNode = FALSE
	EndGlobalSection
	GlobalSection(ExtensibilityGlobals) = postSolution
		SolutionGuid = {7A603A82-C20A-475B-92C1-CC9AB605E603}
	EndGlobalSection
EndGlobal
